<?xml version="1.0" encoding="utf-8"?>
<Project ToolsVersion="4.0" xmlns="http://schemas.microsoft.com/developer/msbuild/2003">
  <ItemGroup>
    <Filter Include="Source Files">
      <UniqueIdentifier>{4FC737F1-C7A5-4376-A066-2A32D752A2FF}</UniqueIdentifier>
      <Extensions>cpp;c;cc;cxx;def;odl;idl;hpj;bat;asm;asmx</Extensions>
    </Filter>
    <Filter Include="Header Files">
      <UniqueIdentifier>{93995380-89BD-4b04-88EB-625FBE52EBFB}</UniqueIdentifier>
      <Extensions>h;hh;hpp;hxx;hm;inl;inc;xsd</Extensions>
    </Filter>
    <Filter Include="Resource Files">
      <UniqueIdentifier>{67DA6AB6-F800-4c08-8B7A-83BB121AAD01}</UniqueIdentifier>
      <Extensions>rc;ico;cur;bmp;dlg;rc2;rct;bin;rgs;gif;jpg;jpeg;jpe;resx;tiff;tif;png;wav;mfcribbon-ms</Extensions>
    </Filter>
    <Filter Include="Source Files\test">
      <UniqueIdentifier>{9885a349-b074-4d28-89ee-ff0e46ca49f7}</UniqueIdentifier>
    </Filter>
    <Filter Include="Header Files\lib">
      <UniqueIdentifier>{01fa9163-1254-4ff4-8e80-da4ab05d3026}</UniqueIdentifier>
    </Filter>
    <Filter Include="Source Files\lib">
      <UniqueIdentifier>{d394c837-a835-4733-ab86-f1195b8b1ad0}</UniqueIdentifier>
    </Filter>
    <Filter Include="Source Files\hiho">
      <UniqueIdentifier>{1d0f0c1e-acc9-47a0-8fc2-6cc04d5e58c2}</UniqueIdentifier>
    </Filter>
  </ItemGroup>
  <ItemGroup>
    <ClCompile Include="test.c">
      <Filter>Source Files\test</Filter>
    </ClCompile>
    <ClCompile Include="ftarray.c">
      <Filter>Source Files\lib</Filter>
    </ClCompile>
    <ClCompile Include="ftmem.c">
      <Filter>Source Files\lib</Filter>
    </ClCompile>
    <ClCompile Include="buystock.c">
      <Filter>Source Files\test</Filter>
    </ClCompile>
    <ClCompile Include="rws.c">
      <Filter>Source Files\test</Filter>
    </ClCompile>
    <ClCompile Include="largestnum.c">
      <Filter>Source Files\test</Filter>
    </ClCompile>
    <ClCompile Include="repeat_dna.c">
      <Filter>Source Files\test</Filter>
    </ClCompile>
    <ClCompile Include="aidl.c">
      <Filter>Source Files\test</Filter>
    </ClCompile>
    <ClCompile Include="tiretree.c">
      <Filter>Source Files\test</Filter>
    </ClCompile>
    <ClCompile Include="graph.c">
      <Filter>Source Files\test</Filter>
    </ClCompile>
    <ClCompile Include="Source.c">
      <Filter>Source Files\test</Filter>
    </ClCompile>
    <ClCompile Include="nqueen.c">
      <Filter>Source Files\test</Filter>
    </ClCompile>
    <ClCompile Include="microsoft.c">
      <Filter>Source Files\test</Filter>
    </ClCompile>
    <ClCompile Include="largeData.c">
      <Filter>Source Files\test</Filter>
    </ClCompile>
    <ClCompile Include="acmcoder.c">
      <Filter>Source Files\test</Filter>
    </ClCompile>
    <ClCompile Include="ms_2.c">
      <Filter>Source Files\test</Filter>
    </ClCompile>
    <ClCompile Include="hiho_4.cpp">
      <Filter>Source Files\test</Filter>
    </ClCompile>
    <ClCompile Include="hioh_15.cpp">
      <Filter>Source Files\test</Filter>
    </ClCompile>
    <ClCompile Include="hiho_16.cpp">
      <Filter>Source Files\test</Filter>
    </ClCompile>
    <ClCompile Include="hiho_22.c">
      <Filter>Source Files\test</Filter>
    </ClCompile>
    <ClCompile Include="hiho_51.c">
      <Filter>Source Files\test</Filter>
    </ClCompile>
    <ClCompile Include="hiho_4.cpp">
      <Filter>Source Files\hiho</Filter>
    </ClCompile>
    <ClCompile Include="hiho_10.c">
      <Filter>Source Files\hiho</Filter>
    </ClCompile>
    <ClCompile Include="hiho_42.c">
      <Filter>Source Files\hiho</Filter>
    </ClCompile>
    <ClCompile Include="hiho_43.c">
      <Filter>Source Files\hiho</Filter>
    </ClCompile>
    <ClCompile Include="hioh_11.c">
      <Filter>Source Files\hiho</Filter>
    </ClCompile>
    <ClCompile Include="hihocoder.c">
      <Filter>Source Files\hiho</Filter>
    </ClCompile>
    <ClCompile Include="hiho_13.cpp">
      <Filter>Source Files\hiho</Filter>
    </ClCompile>
    <ClCompile Include="hiho_47.c">
      <Filter>Source Files\hiho</Filter>
    </ClCompile>
    <ClCompile Include="hiho_21.cpp">
      <Filter>Source Files\hiho</Filter>
    </ClCompile>
    <ClCompile Include="hiho_28.c">
      <Filter>Source Files\hiho</Filter>
    </ClCompile>
    <ClCompile Include="hiho_53.cpp">
      <Filter>Source Files\hiho</Filter>
    </ClCompile>
    <ClCompile Include="hiho_52.cpp">
      <Filter>Source Files\test</Filter>
    </ClCompile>
  </ItemGroup>
  <ItemGroup>
    <ClInclude Include="ftaray.h">
      <Filter>Header Files\lib</Filter>
    </ClInclude>
    <ClInclude Include="ftinclib.h">
      <Filter>Header Files\lib</Filter>
    </ClInclude>
    <ClInclude Include="ftmath.h">
      <Filter>Header Files\lib</Filter>
    </ClInclude>
    <ClInclude Include="ftmem.h">
      <Filter>Header Files\lib</Filter>
    </ClInclude>
    <ClInclude Include="ftlist.h">
      <Filter>Header Files\lib</Filter>
    </ClInclude>
    <ClInclude Include="ftdef.h">
      <Filter>Header Files\lib</Filter>
    </ClInclude>
    <ClInclude Include="fthashtable.h">
      <Filter>Header Files\lib</Filter>
    </ClInclude>
    <ClInclude Include="buystock.h">
      <Filter>Header Files</Filter>
    </ClInclude>
    <ClInclude Include="rws.h">
      <Filter>Header Files</Filter>
    </ClInclude>
    <ClInclude Include="largetnum.h">
      <Filter>Header Files</Filter>
    </ClInclude>
    <ClInclude Include="uthash.h">
      <Filter>Header Files\lib</Filter>
    </ClInclude>
    <ClInclude Include="repeat_dna.h">
      <Filter>Header Files</Filter>
    </ClInclude>
    <ClInclude Include="aidl.h">
      <Filter>Header Files</Filter>
    </ClInclude>
    <ClInclude Include="tiretree.h">
      <Filter>Header Files</Filter>
    </ClInclude>
    <ClInclude Include="graph.h">
      <Filter>Header Files</Filter>
    </ClInclude>
    <ClInclude Include="nqueen.h">
      <Filter>Header Files</Filter>
    </ClInclude>
    <ClInclude Include="largeData.h">
      <Filter>Header Files</Filter>
    </ClInclude>
  </ItemGroup>
</Project>